// !$*UTF8*$!
{
	archiveVersion = 1;
	classes = {
	};
	objectVersion = 77;
	objects = {

/* Begin PBXContainerItemProxy section */
		7B1E43CB2CCFA48A00DD1A42 /* PBXContainerItemProxy */ = {
			isa = PBXContainerItemProxy;
			containerPortal = 7B1E43AC2CCFA48900DD1A42 /* Project object */;
			proxyType = 1;
			remoteGlobalIDString = 7B1E43B32CCFA48900DD1A42;
			remoteInfo = AppVideoTest;
		};
		7B1E43D52CCFA48A00DD1A42 /* PBXContainerItemProxy */ = {
			isa = PBXContainerItemProxy;
			containerPortal = 7B1E43AC2CCFA48900DD1A42 /* Project object */;
			proxyType = 1;
			remoteGlobalIDString = 7B1E43B32CCFA48900DD1A42;
			remoteInfo = AppVideoTest;
		};
/* End PBXContainerItemProxy section */

/* Begin PBXFileReference section */
		7B1E43B42CCFA48900DD1A42 /* AppVideoTest.app */ = {isa = PBXFileReference; explicitFileType = wrapper.application; includeInIndex = 0; path = AppVideoTest.app; sourceTree = BUILT_PRODUCTS_DIR; };
		7B1E43CA2CCFA48A00DD1A42 /* AppVideoTestTests.xctest */ = {isa = PBXFileReference; explicitFileType = wrapper.cfbundle; includeInIndex = 0; path = AppVideoTestTests.xctest; sourceTree = BUILT_PRODUCTS_DIR; };
		7B1E43D42CCFA48A00DD1A42 /* AppVideoTestUITests.xctest */ = {isa = PBXFileReference; explicitFileType = wrapper.cfbundle; includeInIndex = 0; path = AppVideoTestUITests.xctest; sourceTree = BUILT_PRODUCTS_DIR; };
		7B6EB82C2CD62F3B00244AE6 /* AppVideoTest.xctestplan */ = {isa = PBXFileReference; lastKnownFileType = text; path = AppVideoTest.xctestplan; sourceTree = "<group>"; };
/* End PBXFileReference section */

/* Begin PBXFileSystemSynchronizedBuildFileExceptionSet section */
		7B1E43DC2CCFA48A00DD1A42 /* Exceptions for "AppVideoTest" folder in "AppVideoTest" target */ = {
			isa = PBXFileSystemSynchronizedBuildFileExceptionSet;
			membershipExceptions = (
				Info.plist,
			);
			target = 7B1E43B32CCFA48900DD1A42 /* AppVideoTest */;
		};
		7B6EB8302CD6309600244AE6 /* Exceptions for "AppVideoTest" folder in "AppVideoTestTests" target */ = {
			isa = PBXFileSystemSynchronizedBuildFileExceptionSet;
			membershipExceptions = (
				Custom/BaseViewProtocol.swift,
				Custom/CustomPlayerView.swift,
				Custom/CustomViewController.swift,
				Manager/PhotoManager.swift,
			);
			target = 7B1E43C92CCFA48A00DD1A42 /* AppVideoTestTests */;
		};
/* End PBXFileSystemSynchronizedBuildFileExceptionSet section */

/* Begin PBXFileSystemSynchronizedRootGroup section */
		7B1E43B62CCFA48900DD1A42 /* AppVideoTest */ = {
			isa = PBXFileSystemSynchronizedRootGroup;
			exceptions = (
				7B1E43DC2CCFA48A00DD1A42 /* Exceptions for "AppVideoTest" folder in "AppVideoTest" target */,
				7B6EB8302CD6309600244AE6 /* Exceptions for "AppVideoTest" folder in "AppVideoTestTests" target */,
			);
			path = AppVideoTest;
			sourceTree = "<group>";
		};
		7B1E43CD2CCFA48A00DD1A42 /* AppVideoTestTests */ = {
			isa = PBXFileSystemSynchronizedRootGroup;
			path = AppVideoTestTests;
			sourceTree = "<group>";
		};
		7B1E43D72CCFA48A00DD1A42 /* AppVideoTestUITests */ = {
			isa = PBXFileSystemSynchronizedRootGroup;
			path = AppVideoTestUITests;
			sourceTree = "<group>";
		};
/* End PBXFileSystemSynchronizedRootGroup section */

/* Begin PBXFrameworksBuildPhase section */
		7B1E43B12CCFA48900DD1A42 /* Frameworks */ = {
			isa = PBXFrameworksBuildPhase;
			buildActionMask = 2147483647;
			files = (
			);
			runOnlyForDeploymentPostprocessing = 0;
		};
		7B1E43C72CCFA48A00DD1A42 /* Frameworks */ = {
			isa = PBXFrameworksBuildPhase;
			buildActionMask = 2147483647;
			files = (
			);
			runOnlyForDeploymentPostprocessing = 0;
		};
		7B1E43D12CCFA48A00DD1A42 /* Frameworks */ = {
			isa = PBXFrameworksBuildPhase;
			buildActionMask = 2147483647;
			files = (
			);
			runOnlyForDeploymentPostprocessing = 0;
		};
/* End PBXFrameworksBuildPhase section */

/* Begin PBXGroup section */
		7B1E43AB2CCFA48900DD1A42 = {
			isa = PBXGroup;
			children = (
				7B6EB82C2CD62F3B00244AE6 /* AppVideoTest.xctestplan */,
				7B1E43B62CCFA48900DD1A42 /* AppVideoTest */,
				7B1E43CD2CCFA48A00DD1A42 /* AppVideoTestTests */,
				7B1E43D72CCFA48A00DD1A42 /* AppVideoTestUITests */,
				7B1E43B52CCFA48900DD1A42 /* Products */,
			);
			sourceTree = "<group>";
		};
		7B1E43B52CCFA48900DD1A42 /* Products */ = {
			isa = PBXGroup;
			children = (
				7B1E43B42CCFA48900DD1A42 /* AppVideoTest.app */,
				7B1E43CA2CCFA48A00DD1A42 /* AppVideoTestTests.xctest */,
				7B1E43D42CCFA48A00DD1A42 /* AppVideoTestUITests.xctest */,
			);
			name = Products;
			sourceTree = "<group>";
		};
/* End PBXGroup section */

/* Begin PBXNativeTarget section */
		7B1E43B32CCFA48900DD1A42 /* AppVideoTest */ = {
			isa = PBXNativeTarget;
			buildConfigurationList = 7B1E43DD2CCFA48A00DD1A42 /* Build configuration list for PBXNativeTarget "AppVideoTest" */;
			buildPhases = (
				7B1E43B02CCFA48900DD1A42 /* Sources */,
				7B1E43B12CCFA48900DD1A42 /* Frameworks */,
				7B1E43B22CCFA48900DD1A42 /* Resources */,
			);
			buildRules = (
			);
			dependencies = (
			);
			fileSystemSynchronizedGroups = (
				7B1E43B62CCFA48900DD1A42 /* AppVideoTest */,
			);
			name = AppVideoTest;
			packageProductDependencies = (
			);
			productName = AppVideoTest;
			productReference = 7B1E43B42CCFA48900DD1A42 /* AppVideoTest.app */;
			productType = "com.apple.product-type.application";
		};
		7B1E43C92CCFA48A00DD1A42 /* AppVideoTestTests */ = {
			isa = PBXNativeTarget;
			buildConfigurationList = 7B1E43E22CCFA48A00DD1A42 /* Build configuration list for PBXNativeTarget "AppVideoTestTests" */;
			buildPhases = (
				7B1E43C62CCFA48A00DD1A42 /* Sources */,
				7B1E43C72CCFA48A00DD1A42 /* Frameworks */,
				7B1E43C82CCFA48A00DD1A42 /* Resources */,
			);
			buildRules = (
			);
			dependencies = (
				7B1E43CC2CCFA48A00DD1A42 /* PBXTargetDependency */,
			);
			fileSystemSynchronizedGroups = (
				7B1E43CD2CCFA48A00DD1A42 /* AppVideoTestTests */,
			);
			name = AppVideoTestTests;
			packageProductDependencies = (
			);
			productName = AppVideoTestTests;
			productReference = 7B1E43CA2CCFA48A00DD1A42 /* AppVideoTestTests.xctest */;
			productType = "com.apple.product-type.bundle.unit-test";
		};
		7B1E43D32CCFA48A00DD1A42 /* AppVideoTestUITests */ = {
			isa = PBXNativeTarget;
			buildConfigurationList = 7B1E43E52CCFA48A00DD1A42 /* Build configuration list for PBXNativeTarget "AppVideoTestUITests" */;
			buildPhases = (
				7B1E43D02CCFA48A00DD1A42 /* Sources */,
				7B1E43D12CCFA48A00DD1A42 /* Frameworks */,
				7B1E43D22CCFA48A00DD1A42 /* Resources */,
			);
			buildRules = (
			);
			dependencies = (
				7B1E43D62CCFA48A00DD1A42 /* PBXTargetDependency */,
			);
			fileSystemSynchronizedGroups = (
				7B1E43D72CCFA48A00DD1A42 /* AppVideoTestUITests */,
			);
			name = AppVideoTestUITests;
			packageProductDependencies = (
			);
			productName = AppVideoTestUITests;
			productReference = 7B1E43D42CCFA48A00DD1A42 /* AppVideoTestUITests.xctest */;
			productType = "com.apple.product-type.bundle.ui-testing";
		};
/* End PBXNativeTarget section */

/* Begin PBXProject section */
		7B1E43AC2CCFA48900DD1A42 /* Project object */ = {
			isa = PBXProject;
			attributes = {
				BuildIndependentTargetsInParallel = 1;
				LastSwiftUpdateCheck = 1600;
				LastUpgradeCheck = 1600;
				TargetAttributes = {
					7B1E43B32CCFA48900DD1A42 = {
						CreatedOnToolsVersion = 16.0;
					};
					7B1E43C92CCFA48A00DD1A42 = {
						CreatedOnToolsVersion = 16.0;
						TestTargetID = 7B1E43B32CCFA48900DD1A42;
					};
					7B1E43D32CCFA48A00DD1A42 = {
						CreatedOnToolsVersion = 16.0;
						TestTargetID = 7B1E43B32CCFA48900DD1A42;
					};
				};
			};
			buildConfigurationList = 7B1E43AF2CCFA48900DD1A42 /* Build configuration list for PBXProject "AppVideoTest" */;
			developmentRegion = en;
			hasScannedForEncodings = 0;
			knownRegions = (
				en,
				Base,
			);
			mainGroup = 7B1E43AB2CCFA48900DD1A42;
			minimizedProjectReferenceProxies = 1;
			preferredProjectObjectVersion = 77;
			productRefGroup = 7B1E43B52CCFA48900DD1A42 /* Products */;
			projectDirPath = "";
			projectRoot = "";
			targets = (
				7B1E43B32CCFA48900DD1A42 /* AppVideoTest */,
				7B1E43C92CCFA48A00DD1A42 /* AppVideoTestTests */,
				7B1E43D32CCFA48A00DD1A42 /* AppVideoTestUITests */,
			);
		};
/* End PBXProject section */

/* Begin PBXResourcesBuildPhase section */
		7B1E43B22CCFA48900DD1A42 /* Resources */ = {
			isa = PBXResourcesBuildPhase;
			buildActionMask = 2147483647;
			files = (
			);
			runOnlyForDeploymentPostprocessing = 0;
		};
		7B1E43C82CCFA48A00DD1A42 /* Resources */ = {
			isa = PBXResourcesBuildPhase;
			buildActionMask = 2147483647;
			files = (
			);
			runOnlyForDeploymentPostprocessing = 0;
		};
		7B1E43D22CCFA48A00DD1A42 /* Resources */ = {
			isa = PBXResourcesBuildPhase;
			buildActionMask = 2147483647;
			files = (
			);
			runOnlyForDeploymentPostprocessing = 0;
		};
/* End PBXResourcesBuildPhase section */

/* Begin PBXSourcesBuildPhase section */
		7B1E43B02CCFA48900DD1A42 /* Sources */ = {
			isa = PBXSourcesBuildPhase;
			buildActionMask = 2147483647;
			files = (
			);
			runOnlyForDeploymentPostprocessing = 0;
		};
		7B1E43C62CCFA48A00DD1A42 /* Sources */ = {
			isa = PBXSourcesBuildPhase;
			buildActionMask = 2147483647;
			files = (
			);
			runOnlyForDeploymentPostprocessing = 0;
		};
		7B1E43D02CCFA48A00DD1A42 /* Sources */ = {
			isa = PBXSourcesBuildPhase;
			buildActionMask = 2147483647;
			files = (
			);
			runOnlyForDeploymentPostprocessing = 0;
		};
/* End PBXSourcesBuildPhase section */

/* Begin PBXTargetDependency section */
		7B1E43CC2CCFA48A00DD1A42 /* PBXTargetDependency */ = {
			isa = PBXTargetDependency;
			target = 7B1E43B32CCFA48900DD1A42 /* AppVideoTest */;
			targetProxy = 7B1E43CB2CCFA48A00DD1A42 /* PBXContainerItemProxy */;
		};
		7B1E43D62CCFA48A00DD1A42 /* PBXTargetDependency */ = {
			isa = PBXTargetDependency;
			target = 7B1E43B32CCFA48900DD1A42 /* AppVideoTest */;
			targetProxy = 7B1E43D52CCFA48A00DD1A42 /* PBXContainerItemProxy */;
		};
/* End PBXTargetDependency section */

/* Begin XCBuildConfiguration section */
		7B1E43DE2CCFA48A00DD1A42 /* Debug */ = {
			isa = XCBuildConfiguration;
			buildSettings = {
				ASSETCATALOG_COMPILER_APPICON_NAME = AppIcon;
				ASSETCATALOG_COMPILER_GLOBAL_ACCENT_COLOR_NAME = AccentColor;
				CODE_SIGN_STYLE = Automatic;
				CURRENT_PROJECT_VERSION = 1;
				DEVELOPMENT_TEAM = H25F4B7J4U;
				GENERATE_INFOPLIST_FILE = YES;
				INFOPLIST_FILE = AppVideoTest/Info.plist;
				INFOPLIST_KEY_UIApplicationSupportsIndirectInputEvents = YES;
				INFOPLIST_KEY_UILaunchStoryboardName = LaunchScreen;
				INFOPLIST_KEY_UISupportedInterfaceOrientations_iPad = "UIInterfaceOrientationPortrait UIInterfaceOrientationPortraitUpsideDown UIInterfaceOrientationLandscapeLeft UIInterfaceOrientationLandscapeRight";
				INFOPLIST_KEY_UISupportedInterfaceOrientations_iPhone = "UIInterfaceOrientationPortrait UIInterfaceOrientationLandscapeLeft UIInterfaceOrientationLandscapeRight";
				IPHONEOS_DEPLOYMENT_TARGET = 15.0;
				LD_RUNPATH_SEARCH_PATHS = (
					"$(inherited)",
					"@executable_path/Frameworks",
				);
				MARKETING_VERSION = 1.0;
				PRODUCT_BUNDLE_IDENTIFIER = LittleTail.AppVideoTest;
				PRODUCT_NAME = "$(TARGET_NAME)";
				SUPPORTED_PLATFORMS = "iphoneos iphonesimulator";
				SUPPORTS_MACCATALYST = NO;
				SUPPORTS_MAC_DESIGNED_FOR_IPHONE_IPAD = NO;
				SUPPORTS_XR_DESIGNED_FOR_IPHONE_IPAD = NO;
				SWIFT_EMIT_LOC_STRINGS = YES;
				SWIFT_VERSION = 5.0;
				TARGETED_DEVICE_FAMILY = 1;
			};
			name = Debug;
		};
		7B1E43DF2CCFA48A00DD1A42 /* Release */ = {
			isa = XCBuildConfiguration;
			buildSettings = {
				ASSETCATALOG_COMPILER_APPICON_NAME = AppIcon;
				ASSETCATALOG_COMPILER_GLOBAL_ACCENT_COLOR_NAME = AccentColor;
				CODE_SIGN_STYLE = Automatic;
				CURRENT_PROJECT_VERSION = 1;
				DEVELOPMENT_TEAM = H25F4B7J4U;
				GENERATE_INFOPLIST_FILE = YES;
				INFOPLIST_FILE = AppVideoTest/Info.plist;
				INFOPLIST_KEY_UIApplicationSupportsIndirectInputEvents = YES;
				INFOPLIST_KEY_UILaunchStoryboardName = LaunchScreen;
				INFOPLIST_KEY_UISupportedInterfaceOrientations_iPad = "UIInterfaceOrientationPortrait UIInterfaceOrientationPortraitUpsideDown UIInterfaceOrientationLandscapeLeft UIInterfaceOrientationLandscapeRight";
				INFOPLIST_KEY_UISupportedInterfaceOrientations_iPhone = "UIInterfaceOrientationPortrait UIInterfaceOrientationLandscapeLeft UIInterfaceOrientationLandscapeRight";
				IPHONEOS_DEPLOYMENT_TARGET = 15.0;
				LD_RUNPATH_SEARCH_PATHS = (
					"$(inherited)",
					"@executable_path/Frameworks",
				);
				MARKETING_VERSION = 1.0;
				PRODUCT_BUNDLE_IDENTIFIER = LittleTail.AppVideoTest;
				PRODUCT_NAME = "$(TARGET_NAME)";
				SUPPORTED_PLATFORMS = "iphoneos iphonesimulator";
				SUPPORTS_MACCATALYST = NO;
				SUPPORTS_MAC_DESIGNED_FOR_IPHONE_IPAD = NO;
				SUPPORTS_XR_DESIGNED_FOR_IPHONE_IPAD = NO;
				SWIFT_EMIT_LOC_STRINGS = YES;
				SWIFT_VERSION = 5.0;
				TARGETED_DEVICE_FAMILY = 1;
			};
			name = Release;
		};
		7B1E43E02CCFA48A00DD1A42 /* Debug */ = {
			isa = XCBuildConfiguration;
			buildSettings = {
				ALWAYS_SEARCH_USER_PATHS = NO;
				ASSETCATALOG_COMPILER_GENERATE_SWIFT_ASSET_SYMBOL_EXTENSIONS = YES;
				CLANG_ANALYZER_NONNULL = YES;
				CLANG_ANALYZER_NUMBER_OBJECT_CONVERSION = YES_AGGRESSIVE;
				CLANG_CXX_LANGUAGE_STANDARD = "gnu++20";
				CLANG_ENABLE_MODULES = YES;
				CLANG_ENABLE_OBJC_ARC = YES;
				CLANG_ENABLE_OBJC_WEAK = YES;
				CLANG_WARN_BLOCK_CAPTURE_AUTORELEASING = YES;
				CLANG_WARN_BOOL_CONVERSION = YES;
				CLANG_WARN_COMMA = YES;
				CLANG_WARN_CONSTANT_CONVERSION = YES;
				CLANG_WARN_DEPRECATED_OBJC_IMPLEMENTATIONS = YES;
				CLANG_WARN_DIRECT_OBJC_ISA_USAGE = YES_ERROR;
				CLANG_WARN_DOCUMENTATION_COMMENTS = YES;
				CLANG_WARN_EMPTY_BODY = YES;
				CLANG_WARN_ENUM_CONVERSION = YES;
				CLANG_WARN_INFINITE_RECURSION = YES;
				CLANG_WARN_INT_CONVERSION = YES;
				CLANG_WARN_NON_LITERAL_NULL_CONVERSION = YES;
				CLANG_WARN_OBJC_IMPLICIT_RETAIN_SELF = YES;
				CLANG_WARN_OBJC_LITERAL_CONVERSION = YES;
				CLANG_WARN_OBJC_ROOT_CLASS = YES_ERROR;
				CLANG_WARN_QUOTED_INCLUDE_IN_FRAMEWORK_HEADER = YES;
				CLANG_WARN_RANGE_LOOP_ANALYSIS = YES;
				CLANG_WARN_STRICT_PROTOTYPES = YES;
				CLANG_WARN_SUSPICIOUS_MOVE = YES;
				CLANG_WARN_UNGUARDED_AVAILABILITY = YES_AGGRESSIVE;
				CLANG_WARN_UNREACHABLE_CODE = YES;
				CLANG_WARN__DUPLICATE_METHOD_MATCH = YES;
				COPY_PHASE_STRIP = NO;
				DEBUG_INFORMATION_FORMAT = dwarf;
				ENABLE_STRICT_OBJC_MSGSEND = YES;
				ENABLE_TESTABILITY = YES;
				ENABLE_USER_SCRIPT_SANDBOXING = YES;
				GCC_C_LANGUAGE_STANDARD = gnu17;
				GCC_DYNAMIC_NO_PIC = NO;
				GCC_NO_COMMON_BLOCKS = YES;
				GCC_OPTIMIZATION_LEVEL = 0;
				GCC_PREPROCESSOR_DEFINITIONS = (
					"DEBUG=1",
					"$(inherited)",
				);
				GCC_WARN_64_TO_32_BIT_CONVERSION = YES;
				GCC_WARN_ABOUT_RETURN_TYPE = YES_ERROR;
				GCC_WARN_UNDECLARED_SELECTOR = YES;
				GCC_WARN_UNINITIALIZED_AUTOS = YES_AGGRESSIVE;
				GCC_WARN_UNUSED_FUNCTION = YES;
				GCC_WARN_UNUSED_VARIABLE = YES;
				IPHONEOS_DEPLOYMENT_TARGET = 18.0;
				LOCALIZATION_PREFERS_STRING_CATALOGS = YES;
				MTL_ENABLE_DEBUG_INFO = INCLUDE_SOURCE;
				MTL_FAST_MATH = YES;
				ONLY_ACTIVE_ARCH = YES;
				SDKROOT = iphoneos;
				SWIFT_ACTIVE_COMPILATION_CONDITIONS = "DEBUG $(inherited)";
				SWIFT_OPTIMIZATION_LEVEL = "-Onone";
			};
			name = Debug;
		};
		7B1E43E12CCFA48A00DD1A42 /* Release */ = {
			isa = XCBuildConfiguration;
			buildSettings = {
				ALWAYS_SEARCH_USER_PATHS = NO;
				ASSETCATALOG_COMPILER_GENERATE_SWIFT_ASSET_SYMBOL_EXTENSIONS = YES;
				CLANG_ANALYZER_NONNULL = YES;
				CLANG_ANALYZER_NUMBER_OBJECT_CONVERSION = YES_AGGRESSIVE;
				CLANG_CXX_LANGUAGE_STANDARD = "gnu++20";
				CLANG_ENABLE_MODULES = YES;
				CLANG_ENABLE_OBJC_ARC = YES;
				CLANG_ENABLE_OBJC_WEAK = YES;
				CLANG_WARN_BLOCK_CAPTURE_AUTORELEASING = YES;
				CLANG_WARN_BOOL_CONVERSION = YES;
				CLANG_WARN_COMMA = YES;
				CLANG_WARN_CONSTANT_CONVERSION = YES;
				CLANG_WARN_DEPRECATED_OBJC_IMPLEMENTATIONS = YES;
				CLANG_WARN_DIRECT_OBJC_ISA_USAGE = YES_ERROR;
				CLANG_WARN_DOCUMENTATION_COMMENTS = YES;
				CLANG_WARN_EMPTY_BODY = YES;
				CLANG_WARN_ENUM_CONVERSION = YES;
				CLANG_WARN_INFINITE_RECURSION = YES;
				CLANG_WARN_INT_CONVERSION = YES;
				CLANG_WARN_NON_LITERAL_NULL_CONVERSION = YES;
				CLANG_WARN_OBJC_IMPLICIT_RETAIN_SELF = YES;
				CLANG_WARN_OBJC_LITERAL_CONVERSION = YES;
				CLANG_WARN_OBJC_ROOT_CLASS = YES_ERROR;
				CLANG_WARN_QUOTED_INCLUDE_IN_FRAMEWORK_HEADER = YES;
				CLANG_WARN_RANGE_LOOP_ANALYSIS = YES;
				CLANG_WARN_STRICT_PROTOTYPES = YES;
				CLANG_WARN_SUSPICIOUS_MOVE = YES;
				CLANG_WARN_UNGUARDED_AVAILABILITY = YES_AGGRESSIVE;
				CLANG_WARN_UNREACHABLE_CODE = YES;
				CLANG_WARN__DUPLICATE_METHOD_MATCH = YES;
				COPY_PHASE_STRIP = NO;
				DEBUG_INFORMATION_FORMAT = "dwarf-with-dsym";
				ENABLE_NS_ASSERTIONS = NO;
				ENABLE_STRICT_OBJC_MSGSEND = YES;
				ENABLE_USER_SCRIPT_SANDBOXING = YES;
				GCC_C_LANGUAGE_STANDARD = gnu17;
				GCC_NO_COMMON_BLOCKS = YES;
				GCC_WARN_64_TO_32_BIT_CONVERSION = YES;
				GCC_WARN_ABOUT_RETURN_TYPE = YES_ERROR;
				GCC_WARN_UNDECLARED_SELECTOR = YES;
				GCC_WARN_UNINITIALIZED_AUTOS = YES_AGGRESSIVE;
				GCC_WARN_UNUSED_FUNCTION = YES;
				GCC_WARN_UNUSED_VARIABLE = YES;
				IPHONEOS_DEPLOYMENT_TARGET = 18.0;
				LOCALIZATION_PREFERS_STRING_CATALOGS = YES;
				MTL_ENABLE_DEBUG_INFO = NO;
				MTL_FAST_MATH = YES;
				SDKROOT = iphoneos;
				SWIFT_COMPILATION_MODE = wholemodule;
				VALIDATE_PRODUCT = YES;
			};
			name = Release;
		};
		7B1E43E32CCFA48A00DD1A42 /* Debug */ = {
			isa = XCBuildConfiguration;
			buildSettings = {
				BUNDLE_LOADER = "$(TEST_HOST)";
				CODE_SIGN_STYLE = Automatic;
				CURRENT_PROJECT_VERSION = 1;
				DEVELOPMENT_TEAM = H25F4B7J4U;
				GENERATE_INFOPLIST_FILE = YES;
				IPHONEOS_DEPLOYMENT_TARGET = 18.0;
				MARKETING_VERSION = 1.0;
				PRODUCT_BUNDLE_IDENTIFIER = LittleTail.AppVideoTestTests;
				PRODUCT_NAME = "$(TARGET_NAME)";
				SWIFT_EMIT_LOC_STRINGS = NO;
				SWIFT_VERSION = 5.0;
				TARGETED_DEVICE_FAMILY = "1,2";
				TEST_HOST = "$(BUILT_PRODUCTS_DIR)/AppVideoTest.app/$(BUNDLE_EXECUTABLE_FOLDER_PATH)/AppVideoTest";
			};
			name = Debug;
		};
		7B1E43E42CCFA48A00DD1A42 /* Release */ = {
			isa = XCBuildConfiguration;
			buildSettings = {
				BUNDLE_LOADER = "$(TEST_HOST)";
				CODE_SIGN_STYLE = Automatic;
				CURRENT_PROJECT_VERSION = 1;
				DEVELOPMENT_TEAM = H25F4B7J4U;
				GENERATE_INFOPLIST_FILE = YES;
				IPHONEOS_DEPLOYMENT_TARGET = 18.0;
				MARKETING_VERSION = 1.0;
				PRODUCT_BUNDLE_IDENTIFIER = LittleTail.AppVideoTestTests;
				PRODUCT_NAME = "$(TARGET_NAME)";
				SWIFT_EMIT_LOC_STRINGS = NO;
				SWIFT_VERSION = 5.0;
				TARGETED_DEVICE_FAMILY = "1,2";
				TEST_HOST = "$(BUILT_PRODUCTS_DIR)/AppVideoTest.app/$(BUNDLE_EXECUTABLE_FOLDER_PATH)/AppVideoTest";
			};
			name = Release;
		};
		7B1E43E62CCFA48A00DD1A42 /* Debug */ = {
			isa = XCBuildConfiguration;
			buildSettings = {
				CODE_SIGN_STYLE = Automatic;
				CURRENT_PROJECT_VERSION = 1;
				DEVELOPMENT_TEAM = H25F4B7J4U;
				GENERATE_INFOPLIST_FILE = YES;
				MARKETING_VERSION = 1.0;
				PRODUCT_BUNDLE_IDENTIFIER = LittleTail.AppVideoTestUITests;
				PRODUCT_NAME = "$(TARGET_NAME)";
				SWIFT_EMIT_LOC_STRINGS = NO;
				SWIFT_VERSION = 5.0;
				TARGETED_DEVICE_FAMILY = "1,2";
				TEST_TARGET_NAME = AppVideoTest;
			};
			name = Debug;
		};
		7B1E43E72CCFA48A00DD1A42 /* Release */ = {
			isa = XCBuildConfiguration;
			buildSettings = {
				CODE_SIGN_STYLE = Automatic;
				CURRENT_PROJECT_VERSION = 1;
				DEVELOPMENT_TEAM = H25F4B7J4U;
				GENERATE_INFOPLIST_FILE = YES;
				MARKETING_VERSION = 1.0;
				PRODUCT_BUNDLE_IDENTIFIER = LittleTail.AppVideoTestUITests;
				PRODUCT_NAME = "$(TARGET_NAME)";
				SWIFT_EMIT_LOC_STRINGS = NO;
				SWIFT_VERSION = 5.0;
				TARGETED_DEVICE_FAMILY = "1,2";
				TEST_TARGET_NAME = AppVideoTest;
			};
			name = Release;
		};
/* End XCBuildConfiguration section */

/* Begin XCConfigurationList section */
		7B1E43AF2CCFA48900DD1A42 /* Build configuration list for PBXProject "AppVideoTest" */ = {
			isa = XCConfigurationList;
			buildConfigurations = (
				7B1E43E02CCFA48A00DD1A42 /* Debug */,
				7B1E43E12CCFA48A00DD1A42 /* Release */,
			);
			defaultConfigurationIsVisible = 0;
			defaultConfigurationName = Release;
		};
		7B1E43DD2CCFA48A00DD1A42 /* Build configuration list for PBXNativeTarget "AppVideoTest" */ = {
			isa = XCConfigurationList;
			buildConfigurations = (
				7B1E43DE2CCFA48A00DD1A42 /* Debug */,
				7B1E43DF2CCFA48A00DD1A42 /* Release */,
			);
			defaultConfigurationIsVisible = 0;
			defaultConfigurationName = Release;
		};
		7B1E43E22CCFA48A00DD1A42 /* Build configuration list for PBXNativeTarget "AppVideoTestTests" */ = {
			isa = XCConfigurationList;
			buildConfigurations = (
				7B1E43E32CCFA48A00DD1A42 /* Debug */,
				7B1E43E42CCFA48A00DD1A42 /* Release */,
			);
			defaultConfigurationIsVisible = 0;
			defaultConfigurationName = Release;
		};
		7B1E43E52CCFA48A00DD1A42 /* Build configuration list for PBXNativeTarget "AppVideoTestUITests" */ = {
			isa = XCConfigurationList;
			buildConfigurations = (
				7B1E43E62CCFA48A00DD1A42 /* Debug */,
				7B1E43E72CCFA48A00DD1A42 /* Release */,
			);
			defaultConfigurationIsVisible = 0;
			defaultConfigurationName = Release;
		};
/* End XCConfigurationList section */
	};
	rootObject = 7B1E43AC2CCFA48900DD1A42 /* Project object */;
}
